
Microsoft Visual Studio Solution File, Format Version 12.00
# Visual Studio Version 16
VisualStudioVersion = 16.0.30907.101
MinimumVisualStudioVersion = 10.0.40219.1
Project("{FAE04EC0-301F-11D3-BF4B-00C04F79EFBC}") = "Bottom_Control", "Bottom_Control\Bottom_Control.csproj", "{9634B0AC-A87F-4725-BAEF-212DDF6A3C42}"
EndProject
Global
	GlobalSection(SolutionConfigurationPlatforms) = preSolution
		Debug|Any CPU = Debug|Any CPU
		Release|Any CPU = Release|Any CPU
	EndGlobalSection
	GlobalSection(ProjectConfigurationPlatforms) = postSolution
		{9634B0AC-A87F-4725-BAEF-212DDF6A3C42}.Debug|Any CPU.ActiveCfg = Debug|Any CPU
		{9634B0AC-A87F-4725-BAEF-212DDF6A3C42}.Debug|Any CPU.Build.0 = Debug|Any CPU
		{9634B0AC-A87F-4725-BAEF-212DDF6A3C42}.Release|Any CPU.ActiveCfg = Release|Any CPU
		{9634B0AC-A87F-4725-BAEF-212DDF6A3C42}.Release|Any CPU.Build.0 = Release|Any CPU
	EndGlobalSection
	GlobalSection(SolutionProperties) = preSolution
		HideSolutionNode = FALSE
	EndGlobalSection
	GlobalSection(ExtensibilityGlobals) = postSolution
		SolutionGuid = {6BA23F48-3E21-4ED2-82B8-61C991C15710}
	EndGlobalSection
EndGlobal
